lockfileVersion: '9.0'

settings:
  autoInstallPeers: true
  excludeLinksFromLockfile: false

importers:

  .:
    dependencies:
      resend:
        specifier: ^6.0.3
        version: 6.0.3
    devDependencies:
      typescript:
        specifier: ^5.x.x
        version: 5.9.2

packages:

  resend@6.0.3:
    resolution: {integrity: sha512-Yb7o2n52v91LjkUjq5vIZQbJrGiaPoMo2VPAyS0QTKA73tmvHMUQ7P1M56J1ux/Cw9Lf68PeaKidTl6GuS8DTA==}
    engines: {node: '>=18'}
    peerDependencies:
      '@react-email/render': ^1.1.0
    peerDependenciesMeta:
      '@react-email/render':
        optional: true

  typescript@5.9.2:
    resolution: {integrity: sha512-CWBzXQrc/qOkhidw1OzBTQuYRbfyxDXJMVJ1XNwUHGROVmuaeiEm3OslpZ1RV96d7SKKjZKrSJu3+t/xlw3R9A==}
    engines: {node: '>=14.17'}
    hasBin: true

snapshots:

  resend@6.0.3: {}

  typescript@5.9.2: {}
